
Microsoft Visual Studio Solution File, Format Version 12.00
# Visual Studio Version 16
VisualStudioVersion = 16.0.29806.167
MinimumVisualStudioVersion = 10.0.40219.1
Project("{FAE04EC0-301F-11D3-BF4B-00C04F79EFBC}") = "ASP.NETCoreWebApplicationDevops", "ASP.NETCoreWebApplicationDevops\ASP.NETCoreWebApplicationDevops.csproj", "{4351D4C7-4C78-43C0-89BD-FD36071D35BD}"
EndProject
Global
	GlobalSection(SolutionConfigurationPlatforms) = preSolution
		Debug|Any CPU = Debug|Any CPU
		Release|Any CPU = Release|Any CPU
	EndGlobalSection
	GlobalSection(ProjectConfigurationPlatforms) = postSolution
		{4351D4C7-4C78-43C0-89BD-FD36071D35BD}.Debug|Any CPU.ActiveCfg = Debug|Any CPU
		{4351D4C7-4C78-43C0-89BD-FD36071D35BD}.Debug|Any CPU.Build.0 = Debug|Any CPU
		{4351D4C7-4C78-43C0-89BD-FD36071D35BD}.Release|Any CPU.ActiveCfg = Release|Any CPU
		{4351D4C7-4C78-43C0-89BD-FD36071D35BD}.Release|Any CPU.Build.0 = Release|Any CPU
	EndGlobalSection
	GlobalSection(SolutionProperties) = preSolution
		HideSolutionNode = FALSE
	EndGlobalSection
	GlobalSection(ExtensibilityGlobals) = postSolution
		SolutionGuid = {93577B26-D9DA-4853-9320-75CE65580CC9}
	EndGlobalSection
EndGlobal
